// !$*UTF8*$!
{
	archiveVersion = 1;
	classes = {
	};
	objectVersion = 48;
	objects = {

/* Begin PBXBuildFile section */
		33BE945B6A87347AC53409EF /* Pods_RealmDemoTests.framework in Frameworks */ = {isa = PBXBuildFile; fileRef = FEC2001A9941F8D4E1D6C5C7 /* Pods_RealmDemoTests.framework */; };
		6022FD27BD4884E7397097E0 /* Pods_RealmDemoUITests.framework in Frameworks */ = {isa = PBXBuildFile; fileRef = FE83FC2DECCAD63AF7B29E08 /* Pods_RealmDemoUITests.framework */; };
		8BF15E9A6A1B19D048710024 /* Pods_RealmDemo.framework in Frameworks */ = {isa = PBXBuildFile; fileRef = D5DA9E211F982E74343186C5 /* Pods_RealmDemo.framework */; };
		CC464E9A1FECEB7B004F1858 /* AppDelegate.swift in Sources */ = {isa = PBXBuildFile; fileRef = CC464E991FECEB7B004F1858 /* AppDelegate.swift */; };
		CC464E9C1FECEB7B004F1858 /* ViewController.swift in Sources */ = {isa = PBXBuildFile; fileRef = CC464E9B1FECEB7B004F1858 /* ViewController.swift */; };
		CC464EA11FECEB7B004F1858 /* Assets.xcassets in Resources */ = {isa = PBXBuildFile; fileRef = CC464EA01FECEB7B004F1858 /* Assets.xcassets */; };
		CC464EA41FECEB7B004F1858 /* LaunchScreen.storyboard in Resources */ = {isa = PBXBuildFile; fileRef = CC464EA21FECEB7B004F1858 /* LaunchScreen.storyboard */; };
		CC464EAF1FECEB7B004F1858 /* RealmDemoTests.swift in Sources */ = {isa = PBXBuildFile; fileRef = CC464EAE1FECEB7B004F1858 /* RealmDemoTests.swift */; };
		CC464EBA1FECEB7B004F1858 /* RealmDemoUITests.swift in Sources */ = {isa = PBXBuildFile; fileRef = CC464EB91FECEB7B004F1858 /* RealmDemoUITests.swift */; };
/* End PBXBuildFile section */

/* Begin PBXContainerItemProxy section */
		CC464EAB1FECEB7B004F1858 /* PBXContainerItemProxy */ = {
			isa = PBXContainerItemProxy;
			containerPortal = CC464E8E1FECEB7B004F1858 /* Project object */;
			proxyType = 1;
			remoteGlobalIDString = CC464E951FECEB7B004F1858;
			remoteInfo = RealmDemo;
		};
		CC464EB61FECEB7B004F1858 /* PBXContainerItemProxy */ = {
			isa = PBXContainerItemProxy;
			containerPortal = CC464E8E1FECEB7B004F1858 /* Project object */;
			proxyType = 1;
			remoteGlobalIDString = CC464E951FECEB7B004F1858;
			remoteInfo = RealmDemo;
		};
/* End PBXContainerItemProxy section */

/* Begin PBXFileReference section */
		375F51AC4821C2DA007B8C28 /* Pods-RealmDemoUITests.debug.xcconfig */ = {isa = PBXFileReference; includeInIndex = 1; lastKnownFileType = text.xcconfig; name = "Pods-RealmDemoUITests.debug.xcconfig"; path = "Pods/Target Support Files/Pods-RealmDemoUITests/Pods-RealmDemoUITests.debug.xcconfig"; sourceTree = "<group>"; };
		70B46477CDCCCDB9CC13B6C5 /* Pods-RealmDemoTests.debug.xcconfig */ = {isa = PBXFileReference; includeInIndex = 1; lastKnownFileType = text.xcconfig; name = "Pods-RealmDemoTests.debug.xcconfig"; path = "Pods/Target Support Files/Pods-RealmDemoTests/Pods-RealmDemoTests.debug.xcconfig"; sourceTree = "<group>"; };
		851847B3BB3056126EB1F7F6 /* Pods-RealmDemoTests.release.xcconfig */ = {isa = PBXFileReference; includeInIndex = 1; lastKnownFileType = text.xcconfig; name = "Pods-RealmDemoTests.release.xcconfig"; path = "Pods/Target Support Files/Pods-RealmDemoTests/Pods-RealmDemoTests.release.xcconfig"; sourceTree = "<group>"; };
		CC464E961FECEB7B004F1858 /* RealmDemo.app */ = {isa = PBXFileReference; explicitFileType = wrapper.application; includeInIndex = 0; path = RealmDemo.app; sourceTree = BUILT_PRODUCTS_DIR; };
		CC464E991FECEB7B004F1858 /* AppDelegate.swift */ = {isa = PBXFileReference; lastKnownFileType = sourcecode.swift; path = AppDelegate.swift; sourceTree = "<group>"; };
		CC464E9B1FECEB7B004F1858 /* ViewController.swift */ = {isa = PBXFileReference; lastKnownFileType = sourcecode.swift; path = ViewController.swift; sourceTree = "<group>"; };
		CC464EA01FECEB7B004F1858 /* Assets.xcassets */ = {isa = PBXFileReference; lastKnownFileType = folder.assetcatalog; path = Assets.xcassets; sourceTree = "<group>"; };
		CC464EA31FECEB7B004F1858 /* Base */ = {isa = PBXFileReference; lastKnownFileType = file.storyboard; name = Base; path = Base.lproj/LaunchScreen.storyboard; sourceTree = "<group>"; };
		CC464EA51FECEB7B004F1858 /* Info.plist */ = {isa = PBXFileReference; lastKnownFileType = text.plist.xml; path = Info.plist; sourceTree = "<group>"; };
		CC464EAA1FECEB7B004F1858 /* RealmDemoTests.xctest */ = {isa = PBXFileReference; explicitFileType = wrapper.cfbundle; includeInIndex = 0; path = RealmDemoTests.xctest; sourceTree = BUILT_PRODUCTS_DIR; };
		CC464EAE1FECEB7B004F1858 /* RealmDemoTests.swift */ = {isa = PBXFileReference; lastKnownFileType = sourcecode.swift; path = RealmDemoTests.swift; sourceTree = "<group>"; };
		CC464EB01FECEB7B004F1858 /* Info.plist */ = {isa = PBXFileReference; lastKnownFileType = text.plist.xml; path = Info.plist; sourceTree = "<group>"; };
		CC464EB51FECEB7B004F1858 /* RealmDemoUITests.xctest */ = {isa = PBXFileReference; explicitFileType = wrapper.cfbundle; includeInIndex = 0; path = RealmDemoUITests.xctest; sourceTree = BUILT_PRODUCTS_DIR; };
		CC464EB91FECEB7B004F1858 /* RealmDemoUITests.swift */ = {isa = PBXFileReference; lastKnownFileType = sourcecode.swift; path = RealmDemoUITests.swift; sourceTree = "<group>"; };
		CC464EBB1FECEB7B004F1858 /* Info.plist */ = {isa = PBXFileReference; lastKnownFileType = text.plist.xml; path = Info.plist; sourceTree = "<group>"; };
		CC464EC71FECED92004F1858 /* RealmDemo.entitlements */ = {isa = PBXFileReference; lastKnownFileType = text.plist.entitlements; path = RealmDemo.entitlements; sourceTree = "<group>"; };
		D5DA9E211F982E74343186C5 /* Pods_RealmDemo.framework */ = {isa = PBXFileReference; explicitFileType = wrapper.framework; includeInIndex = 0; path = Pods_RealmDemo.framework; sourceTree = BUILT_PRODUCTS_DIR; };
		E01774234660CFC1122B385A /* Pods-RealmDemoUITests.release.xcconfig */ = {isa = PBXFileReference; includeInIndex = 1; lastKnownFileType = text.xcconfig; name = "Pods-RealmDemoUITests.release.xcconfig"; path = "Pods/Target Support Files/Pods-RealmDemoUITests/Pods-RealmDemoUITests.release.xcconfig"; sourceTree = "<group>"; };
		E62B74A03C35196D7A142202 /* Pods-RealmDemo.release.xcconfig */ = {isa = PBXFileReference; includeInIndex = 1; lastKnownFileType = text.xcconfig; name = "Pods-RealmDemo.release.xcconfig"; path = "Pods/Target Support Files/Pods-RealmDemo/Pods-RealmDemo.release.xcconfig"; sourceTree = "<group>"; };
		F914CBB33BBFA40A5BE1700D /* Pods-RealmDemo.debug.xcconfig */ = {isa = PBXFileReference; includeInIndex = 1; lastKnownFileType = text.xcconfig; name = "Pods-RealmDemo.debug.xcconfig"; path = "Pods/Target Support Files/Pods-RealmDemo/Pods-RealmDemo.debug.xcconfig"; sourceTree = "<group>"; };
		FE83FC2DECCAD63AF7B29E08 /* Pods_RealmDemoUITests.framework */ = {isa = PBXFileReference; explicitFileType = wrapper.framework; includeInIndex = 0; path = Pods_RealmDemoUITests.framework; sourceTree = BUILT_PRODUCTS_DIR; };
		FEC2001A9941F8D4E1D6C5C7 /* Pods_RealmDemoTests.framework */ = {isa = PBXFileReference; explicitFileType = wrapper.framework; includeInIndex = 0; path = Pods_RealmDemoTests.framework; sourceTree = BUILT_PRODUCTS_DIR; };
/* End PBXFileReference section */

/* Begin PBXFrameworksBuildPhase section */
		CC464E931FECEB7B004F1858 /* Frameworks */ = {
			isa = PBXFrameworksBuildPhase;
			buildActionMask = 2147483647;
			files = (
				8BF15E9A6A1B19D048710024 /* Pods_RealmDemo.framework in Frameworks */,
			);
			runOnlyForDeploymentPostprocessing = 0;
		};
		CC464EA71FECEB7B004F1858 /* Frameworks */ = {
			isa = PBXFrameworksBuildPhase;
			buildActionMask = 2147483647;
			files = (
				33BE945B6A87347AC53409EF /* Pods_RealmDemoTests.framework in Frameworks */,
			);
			runOnlyForDeploymentPostprocessing = 0;
		};
		CC464EB21FECEB7B004F1858 /* Frameworks */ = {
			isa = PBXFrameworksBuildPhase;
			buildActionMask = 2147483647;
			files = (
				6022FD27BD4884E7397097E0 /* Pods_RealmDemoUITests.framework in Frameworks */,
			);
			runOnlyForDeploymentPostprocessing = 0;
		};
/* End PBXFrameworksBuildPhase section */

/* Begin PBXGroup section */
		544495BDB6508AC7E7C0DD95 /* Frameworks */ = {
			isa = PBXGroup;
			children = (
				D5DA9E211F982E74343186C5 /* Pods_RealmDemo.framework */,
				FEC2001A9941F8D4E1D6C5C7 /* Pods_RealmDemoTests.framework */,
				FE83FC2DECCAD63AF7B29E08 /* Pods_RealmDemoUITests.framework */,
			);
			name = Frameworks;
			sourceTree = "<group>";
		};
		A6ACBDFBC2B2EE1AAC749046 /* Pods */ = {
			isa = PBXGroup;
			children = (
				F914CBB33BBFA40A5BE1700D /* Pods-RealmDemo.debug.xcconfig */,
				E62B74A03C35196D7A142202 /* Pods-RealmDemo.release.xcconfig */,
				70B46477CDCCCDB9CC13B6C5 /* Pods-RealmDemoTests.debug.xcconfig */,
				851847B3BB3056126EB1F7F6 /* Pods-RealmDemoTests.release.xcconfig */,
				375F51AC4821C2DA007B8C28 /* Pods-RealmDemoUITests.debug.xcconfig */,
				E01774234660CFC1122B385A /* Pods-RealmDemoUITests.release.xcconfig */,
			);
			name = Pods;
			sourceTree = "<group>";
		};
		CC464E8D1FECEB7B004F1858 = {
			isa = PBXGroup;
			children = (
				CC464E981FECEB7B004F1858 /* RealmDemo */,
				CC464EAD1FECEB7B004F1858 /* RealmDemoTests */,
				CC464EB81FECEB7B004F1858 /* RealmDemoUITests */,
				CC464E971FECEB7B004F1858 /* Products */,
				A6ACBDFBC2B2EE1AAC749046 /* Pods */,
				544495BDB6508AC7E7C0DD95 /* Frameworks */,
			);
			sourceTree = "<group>";
		};
		CC464E971FECEB7B004F1858 /* Products */ = {
			isa = PBXGroup;
			children = (
				CC464E961FECEB7B004F1858 /* RealmDemo.app */,
				CC464EAA1FECEB7B004F1858 /* RealmDemoTests.xctest */,
				CC464EB51FECEB7B004F1858 /* RealmDemoUITests.xctest */,
			);
			name = Products;
			sourceTree = "<group>";
		};
		CC464E981FECEB7B004F1858 /* RealmDemo */ = {
			isa = PBXGroup;
			children = (
				CC464EC71FECED92004F1858 /* RealmDemo.entitlements */,
				CC464E991FECEB7B004F1858 /* AppDelegate.swift */,
				CC464E9B1FECEB7B004F1858 /* ViewController.swift */,
				CC464EA01FECEB7B004F1858 /* Assets.xcassets */,
				CC464EA21FECEB7B004F1858 /* LaunchScreen.storyboard */,
				CC464EA51FECEB7B004F1858 /* Info.plist */,
			);
			path = RealmDemo;
			sourceTree = "<group>";
		};
		CC464EAD1FECEB7B004F1858 /* RealmDemoTests */ = {
			isa = PBXGroup;
			children = (
				CC464EAE1FECEB7B004F1858 /* RealmDemoTests.swift */,
				CC464EB01FECEB7B004F1858 /* Info.plist */,
			);
			path = RealmDemoTests;
			sourceTree = "<group>";
		};
		CC464EB81FECEB7B004F1858 /* RealmDemoUITests */ = {
			isa = PBXGroup;
			children = (
				CC464EB91FECEB7B004F1858 /* RealmDemoUITests.swift */,
				CC464EBB1FECEB7B004F1858 /* Info.plist */,
			);
			path = RealmDemoUITests;
			sourceTree = "<group>";
		};
/* End PBXGroup section */

/* Begin PBXNativeTarget section */
		CC464E951FECEB7B004F1858 /* RealmDemo */ = {
			isa = PBXNativeTarget;
			buildConfigurationList = CC464EBE1FECEB7C004F1858 /* Build configuration list for PBXNativeTarget "RealmDemo" */;
			buildPhases = (
				8FA23266D69D7306E74F0D1A /* [CP] Check Pods Manifest.lock */,
				CC464E921FECEB7B004F1858 /* Sources */,
				CC464E931FECEB7B004F1858 /* Frameworks */,
				CC464E941FECEB7B004F1858 /* Resources */,
				87A994B52C7139ABD0B70A09 /* [CP] Embed Pods Frameworks */,
				9283DDB66B9588B676B2FDDC /* [CP] Copy Pods Resources */,
			);
			buildRules = (
			);
			dependencies = (
			);
			name = RealmDemo;
			productName = RealmDemo;
			productReference = CC464E961FECEB7B004F1858 /* RealmDemo.app */;
			productType = "com.apple.product-type.application";
		};
		CC464EA91FECEB7B004F1858 /* RealmDemoTests */ = {
			isa = PBXNativeTarget;
			buildConfigurationList = CC464EC11FECEB7C004F1858 /* Build configuration list for PBXNativeTarget "RealmDemoTests" */;
			buildPhases = (
				124E9F3069141DE0ECBA4C36 /* [CP] Check Pods Manifest.lock */,
				CC464EA61FECEB7B004F1858 /* Sources */,
				CC464EA71FECEB7B004F1858 /* Frameworks */,
				CC464EA81FECEB7B004F1858 /* Resources */,
				49B0B69B21760B9EDA1DBD97 /* [CP] Embed Pods Frameworks */,
				505FC610AB7CD0F9481F2B59 /* [CP] Copy Pods Resources */,
			);
			buildRules = (
			);
			dependencies = (
				CC464EAC1FECEB7B004F1858 /* PBXTargetDependency */,
			);
			name = RealmDemoTests;
			productName = RealmDemoTests;
			productReference = CC464EAA1FECEB7B004F1858 /* RealmDemoTests.xctest */;
			productType = "com.apple.product-type.bundle.unit-test";
		};
		CC464EB41FECEB7B004F1858 /* RealmDemoUITests */ = {
			isa = PBXNativeTarget;
			buildConfigurationList = CC464EC41FECEB7C004F1858 /* Build configuration list for PBXNativeTarget "RealmDemoUITests" */;
			buildPhases = (
				C0B4BA6350EC507E9039C1D3 /* [CP] Check Pods Manifest.lock */,
				CC464EB11FECEB7B004F1858 /* Sources */,
				CC464EB21FECEB7B004F1858 /* Frameworks */,
				CC464EB31FECEB7B004F1858 /* Resources */,
				4EA46E1FBAAA5EB99D69F02B /* [CP] Embed Pods Frameworks */,
				7FC6DAFA31CE987DFA9CD757 /* [CP] Copy Pods Resources */,
			);
			buildRules = (
			);
			dependencies = (
				CC464EB71FECEB7B004F1858 /* PBXTargetDependency */,
			);
			name = RealmDemoUITests;
			productName = RealmDemoUITests;
			productReference = CC464EB51FECEB7B004F1858 /* RealmDemoUITests.xctest */;
			productType = "com.apple.product-type.bundle.ui-testing";
		};
/* End PBXNativeTarget section */

/* Begin PBXProject section */
		CC464E8E1FECEB7B004F1858 /* Project object */ = {
			isa = PBXProject;
			attributes = {
				LastSwiftUpdateCheck = 0910;
				LastUpgradeCheck = 0910;
				ORGANIZATIONNAME = TuyenVX;
				TargetAttributes = {
					CC464E951FECEB7B004F1858 = {
						CreatedOnToolsVersion = 9.1;
						ProvisioningStyle = Automatic;
						SystemCapabilities = {
							com.apple.Keychain = {
								enabled = 0;
							};
						};
					};
					CC464EA91FECEB7B004F1858 = {
						CreatedOnToolsVersion = 9.1;
						ProvisioningStyle = Automatic;
						TestTargetID = CC464E951FECEB7B004F1858;
					};
					CC464EB41FECEB7B004F1858 = {
						CreatedOnToolsVersion = 9.1;
						ProvisioningStyle = Automatic;
						TestTargetID = CC464E951FECEB7B004F1858;
					};
				};
			};
			buildConfigurationList = CC464E911FECEB7B004F1858 /* Build configuration list for PBXProject "RealmDemo" */;
			compatibilityVersion = "Xcode 8.0";
			developmentRegion = en;
			hasScannedForEncodings = 0;
			knownRegions = (
				en,
				Base,
			);
			mainGroup = CC464E8D1FECEB7B004F1858;
			productRefGroup = CC464E971FECEB7B004F1858 /* Products */;
			projectDirPath = "";
			projectRoot = "";
			targets = (
				CC464E951FECEB7B004F1858 /* RealmDemo */,
				CC464EA91FECEB7B004F1858 /* RealmDemoTests */,
				CC464EB41FECEB7B004F1858 /* RealmDemoUITests */,
			);
		};
/* End PBXProject section */

/* Begin PBXResourcesBuildPhase section */
		CC464E941FECEB7B004F1858 /* Resources */ = {
			isa = PBXResourcesBuildPhase;
			buildActionMask = 2147483647;
			files = (
				CC464EA41FECEB7B004F1858 /* LaunchScreen.storyboard in Resources */,
				CC464EA11FECEB7B004F1858 /* Assets.xcassets in Resources */,
			);
			runOnlyForDeploymentPostprocessing = 0;
		};
		CC464EA81FECEB7B004F1858 /* Resources */ = {
			isa = PBXResourcesBuildPhase;
			buildActionMask = 2147483647;
			files = (
			);
			runOnlyForDeploymentPostprocessing = 0;
		};
		CC464EB31FECEB7B004F1858 /* Resources */ = {
			isa = PBXResourcesBuildPhase;
			buildActionMask = 2147483647;
			files = (
			);
			runOnlyForDeploymentPostprocessing = 0;
		};
/* End PBXResourcesBuildPhase section */

/* Begin PBXShellScriptBuildPhase section */
		124E9F3069141DE0ECBA4C36 /* [CP] Check Pods Manifest.lock */ = {
			isa = PBXShellScriptBuildPhase;
			buildActionMask = 2147483647;
			files = (
			);
			inputPaths = (
				"${PODS_PODFILE_DIR_PATH}/Podfile.lock",
				"${PODS_ROOT}/Manifest.lock",
			);
			name = "[CP] Check Pods Manifest.lock";
			outputPaths = (
				"$(DERIVED_FILE_DIR)/Pods-RealmDemoTests-checkManifestLockResult.txt",
			);
			runOnlyForDeploymentPostprocessing = 0;
			shellPath = /bin/sh;
			shellScript = "diff \"${PODS_PODFILE_DIR_PATH}/Podfile.lock\" \"${PODS_ROOT}/Manifest.lock\" > /dev/null\nif [ $? != 0 ] ; then\n    # print error to STDERR\n    echo \"error: The sandbox is not in sync with the Podfile.lock. Run 'pod install' or update your CocoaPods installation.\" >&2\n    exit 1\nfi\n# This output is used by Xcode 'outputs' to avoid re-running this script phase.\necho \"SUCCESS\" > \"${SCRIPT_OUTPUT_FILE_0}\"\n";
			showEnvVarsInLog = 0;
		};
		49B0B69B21760B9EDA1DBD97 /* [CP] Embed Pods Frameworks */ = {
			isa = PBXShellScriptBuildPhase;
			buildActionMask = 2147483647;
			files = (
			);
			inputPaths = (
				"${SRCROOT}/Pods/Target Support Files/Pods-RealmDemoTests/Pods-RealmDemoTests-frameworks.sh",
				"${BUILT_PRODUCTS_DIR}/Realm/Realm.framework",
				"${BUILT_PRODUCTS_DIR}/RealmSwift/RealmSwift.framework",
			);
			name = "[CP] Embed Pods Frameworks";
			outputPaths = (
				"${TARGET_BUILD_DIR}/${FRAMEWORKS_FOLDER_PATH}/Realm.framework",
				"${TARGET_BUILD_DIR}/${FRAMEWORKS_FOLDER_PATH}/RealmSwift.framework",
			);
			runOnlyForDeploymentPostprocessing = 0;
			shellPath = /bin/sh;
			shellScript = "\"${SRCROOT}/Pods/Target Support Files/Pods-RealmDemoTests/Pods-RealmDemoTests-frameworks.sh\"\n";
			showEnvVarsInLog = 0;
		};
		4EA46E1FBAAA5EB99D69F02B /* [CP] Embed Pods Frameworks */ = {
			isa = PBXShellScriptBuildPhase;
			buildActionMask = 2147483647;
			files = (
			);
			inputPaths = (
			);
			name = "[CP] Embed Pods Frameworks";
			outputPaths = (
			);
			runOnlyForDeploymentPostprocessing = 0;
			shellPath = /bin/sh;
			shellScript = "\"${SRCROOT}/Pods/Target Support Files/Pods-RealmDemoUITests/Pods-RealmDemoUITests-frameworks.sh\"\n";
			showEnvVarsInLog = 0;
		};
		505FC610AB7CD0F9481F2B59 /* [CP] Copy Pods Resources */ = {
			isa = PBXShellScriptBuildPhase;
			buildActionMask = 2147483647;
			files = (
			);
			inputPaths = (
			);
			name = "[CP] Copy Pods Resources";
			outputPaths = (
			);
			runOnlyForDeploymentPostprocessing = 0;
			shellPath = /bin/sh;
			shellScript = "\"${SRCROOT}/Pods/Target Support Files/Pods-RealmDemoTests/Pods-RealmDemoTests-resources.sh\"\n";
			showEnvVarsInLog = 0;
		};
		7FC6DAFA31CE987DFA9CD757 /* [CP] Copy Pods Resources */ = {
			isa = PBXShellScriptBuildPhase;
			buildActionMask = 2147483647;
			files = (
			);
			inputPaths = (
			);
			name = "[CP] Copy Pods Resources";
			outputPaths = (
			);
			runOnlyForDeploymentPostprocessing = 0;
			shellPath = /bin/sh;
			shellScript = "\"${SRCROOT}/Pods/Target Support Files/Pods-RealmDemoUITests/Pods-RealmDemoUITests-resources.sh\"\n";
			showEnvVarsInLog = 0;
		};
		87A994B52C7139ABD0B70A09 /* [CP] Embed Pods Frameworks */ = {
			isa = PBXShellScriptBuildPhase;
			buildActionMask = 2147483647;
			files = (
			);
			inputPaths = (
				"${SRCROOT}/Pods/Target Support Files/Pods-RealmDemo/Pods-RealmDemo-frameworks.sh",
				"${BUILT_PRODUCTS_DIR}/Realm/Realm.framework",
				"${BUILT_PRODUCTS_DIR}/RealmSwift/RealmSwift.framework",
			);
			name = "[CP] Embed Pods Frameworks";
			outputPaths = (
				"${TARGET_BUILD_DIR}/${FRAMEWORKS_FOLDER_PATH}/Realm.framework",
				"${TARGET_BUILD_DIR}/${FRAMEWORKS_FOLDER_PATH}/RealmSwift.framework",
			);
			runOnlyForDeploymentPostprocessing = 0;
			shellPath = /bin/sh;
			shellScript = "\"${SRCROOT}/Pods/Target Support Files/Pods-RealmDemo/Pods-RealmDemo-frameworks.sh\"\n";
			showEnvVarsInLog = 0;
		};
		8FA23266D69D7306E74F0D1A /* [CP] Check Pods Manifest.lock */ = {
			isa = PBXShellScriptBuildPhase;
			buildActionMask = 2147483647;
			files = (
			);
			inputPaths = (
				"${PODS_PODFILE_DIR_PATH}/Podfile.lock",
				"${PODS_ROOT}/Manifest.lock",
			);
			name = "[CP] Check Pods Manifest.lock";
			outputPaths = (
				"$(DERIVED_FILE_DIR)/Pods-RealmDemo-checkManifestLockResult.txt",
			);
			runOnlyForDeploymentPostprocessing = 0;
			shellPath = /bin/sh;
			shellScript = "diff \"${PODS_PODFILE_DIR_PATH}/Podfile.lock\" \"${PODS_ROOT}/Manifest.lock\" > /dev/null\nif [ $? != 0 ] ; then\n    # print error to STDERR\n    echo \"error: The sandbox is not in sync with the Podfile.lock. Run 'pod install' or update your CocoaPods installation.\" >&2\n    exit 1\nfi\n# This output is used by Xcode 'outputs' to avoid re-running this script phase.\necho \"SUCCESS\" > \"${SCRIPT_OUTPUT_FILE_0}\"\n";
			showEnvVarsInLog = 0;
		};
		9283DDB66B9588B676B2FDDC /* [CP] Copy Pods Resources */ = {
			isa = PBXShellScriptBuildPhase;
			buildActionMask = 2147483647;
			files = (
			);
			inputPaths = (
			);
			name = "[CP] Copy Pods Resources";
			outputPaths = (
			);
			runOnlyForDeploymentPostprocessing = 0;
			shellPath = /bin/sh;
			shellScript = "\"${SRCROOT}/Pods/Target Support Files/Pods-RealmDemo/Pods-RealmDemo-resources.sh\"\n";
			showEnvVarsInLog = 0;
		};
		C0B4BA6350EC507E9039C1D3 /* [CP] Check Pods Manifest.lock */ = {
			isa = PBXShellScriptBuildPhase;
			buildActionMask = 2147483647;
			files = (
			);
			inputPaths = (
				"${PODS_PODFILE_DIR_PATH}/Podfile.lock",
				"${PODS_ROOT}/Manifest.lock",
			);
			name = "[CP] Check Pods Manifest.lock";
			outputPaths = (
				"$(DERIVED_FILE_DIR)/Pods-RealmDemoUITests-checkManifestLockResult.txt",
			);
			runOnlyForDeploymentPostprocessing = 0;
			shellPath = /bin/sh;
			shellScript = "diff \"${PODS_PODFILE_DIR_PATH}/Podfile.lock\" \"${PODS_ROOT}/Manifest.lock\" > /dev/null\nif [ $? != 0 ] ; then\n    # print error to STDERR\n    echo \"error: The sandbox is not in sync with the Podfile.lock. Run 'pod install' or update your CocoaPods installation.\" >&2\n    exit 1\nfi\n# This output is used by Xcode 'outputs' to avoid re-running this script phase.\necho \"SUCCESS\" > \"${SCRIPT_OUTPUT_FILE_0}\"\n";
			showEnvVarsInLog = 0;
		};
/* End PBXShellScriptBuildPhase section */

/* Begin PBXSourcesBuildPhase section */
		CC464E921FECEB7B004F1858 /* Sources */ = {
			isa = PBXSourcesBuildPhase;
			buildActionMask = 2147483647;
			files = (
				CC464E9C1FECEB7B004F1858 /* ViewController.swift in Sources */,
				CC464E9A1FECEB7B004F1858 /* AppDelegate.swift in Sources */,
			);
			runOnlyForDeploymentPostprocessing = 0;
		};
		CC464EA61FECEB7B004F1858 /* Sources */ = {
			isa = PBXSourcesBuildPhase;
			buildActionMask = 2147483647;
			files = (
				CC464EAF1FECEB7B004F1858 /* RealmDemoTests.swift in Sources */,
			);
			runOnlyForDeploymentPostprocessing = 0;
		};
		CC464EB11FECEB7B004F1858 /* Sources */ = {
			isa = PBXSourcesBuildPhase;
			buildActionMask = 2147483647;
			files = (
				CC464EBA1FECEB7B004F1858 /* RealmDemoUITests.swift in Sources */,
			);
			runOnlyForDeploymentPostprocessing = 0;
		};
/* End PBXSourcesBuildPhase section */

/* Begin PBXTargetDependency section */
		CC464EAC1FECEB7B004F1858 /* PBXTargetDependency */ = {
			isa = PBXTargetDependency;
			target = CC464E951FECEB7B004F1858 /* RealmDemo */;
			targetProxy = CC464EAB1FECEB7B004F1858 /* PBXContainerItemProxy */;
		};
		CC464EB71FECEB7B004F1858 /* PBXTargetDependency */ = {
			isa = PBXTargetDependency;
			target = CC464E951FECEB7B004F1858 /* RealmDemo */;
			targetProxy = CC464EB61FECEB7B004F1858 /* PBXContainerItemProxy */;
		};
/* End PBXTargetDependency section */

/* Begin PBXVariantGroup section */
		CC464EA21FECEB7B004F1858 /* LaunchScreen.storyboard */ = {
			isa = PBXVariantGroup;
			children = (
				CC464EA31FECEB7B004F1858 /* Base */,
			);
			name = LaunchScreen.storyboard;
			sourceTree = "<group>";
		};
/* End PBXVariantGroup section */

/* Begin XCBuildConfiguration section */
		CC464EBC1FECEB7C004F1858 /* Debug */ = {
			isa = XCBuildConfiguration;
			buildSettings = {
				ALWAYS_SEARCH_USER_PATHS = NO;
				CLANG_ANALYZER_NONNULL = YES;
				CLANG_ANALYZER_NUMBER_OBJECT_CONVERSION = YES_AGGRESSIVE;
				CLANG_CXX_LANGUAGE_STANDARD = "gnu++14";
				CLANG_CXX_LIBRARY = "libc++";
				CLANG_ENABLE_MODULES = YES;
				CLANG_ENABLE_OBJC_ARC = YES;
				CLANG_WARN_BLOCK_CAPTURE_AUTORELEASING = YES;
				CLANG_WARN_BOOL_CONVERSION = YES;
				CLANG_WARN_COMMA = YES;
				CLANG_WARN_CONSTANT_CONVERSION = YES;
				CLANG_WARN_DIRECT_OBJC_ISA_USAGE = YES_ERROR;
				CLANG_WARN_DOCUMENTATION_COMMENTS = YES;
				CLANG_WARN_EMPTY_BODY = YES;
				CLANG_WARN_ENUM_CONVERSION = YES;
				CLANG_WARN_INFINITE_RECURSION = YES;
				CLANG_WARN_INT_CONVERSION = YES;
				CLANG_WARN_NON_LITERAL_NULL_CONVERSION = YES;
				CLANG_WARN_OBJC_LITERAL_CONVERSION = YES;
				CLANG_WARN_OBJC_ROOT_CLASS = YES_ERROR;
				CLANG_WARN_RANGE_LOOP_ANALYSIS = YES;
				CLANG_WARN_STRICT_PROTOTYPES = YES;
				CLANG_WARN_SUSPICIOUS_MOVE = YES;
				CLANG_WARN_UNGUARDED_AVAILABILITY = YES_AGGRESSIVE;
				CLANG_WARN_UNREACHABLE_CODE = YES;
				CLANG_WARN__DUPLICATE_METHOD_MATCH = YES;
				CODE_SIGN_IDENTITY = "iPhone Developer";
				COPY_PHASE_STRIP = NO;
				DEBUG_INFORMATION_FORMAT = dwarf;
				ENABLE_STRICT_OBJC_MSGSEND = YES;
				ENABLE_TESTABILITY = YES;
				GCC_C_LANGUAGE_STANDARD = gnu11;
				GCC_DYNAMIC_NO_PIC = NO;
				GCC_NO_COMMON_BLOCKS = YES;
				GCC_OPTIMIZATION_LEVEL = 0;
				GCC_PREPROCESSOR_DEFINITIONS = (
					"DEBUG=1",
					"$(inherited)",
				);
				GCC_WARN_64_TO_32_BIT_CONVERSION = YES;
				GCC_WARN_ABOUT_RETURN_TYPE = YES_ERROR;
				GCC_WARN_UNDECLARED_SELECTOR = YES;
				GCC_WARN_UNINITIALIZED_AUTOS = YES_AGGRESSIVE;
				GCC_WARN_UNUSED_FUNCTION = YES;
				GCC_WARN_UNUSED_VARIABLE = YES;
				IPHONEOS_DEPLOYMENT_TARGET = 11.1;
				MTL_ENABLE_DEBUG_INFO = YES;
				ONLY_ACTIVE_ARCH = YES;
				SDKROOT = iphoneos;
				SWIFT_ACTIVE_COMPILATION_CONDITIONS = DEBUG;
				SWIFT_OPTIMIZATION_LEVEL = "-Onone";
			};
			name = Debug;
		};
		CC464EBD1FECEB7C004F1858 /* Release */ = {
			isa = XCBuildConfiguration;
			buildSettings = {
				ALWAYS_SEARCH_USER_PATHS = NO;
				CLANG_ANALYZER_NONNULL = YES;
				CLANG_ANALYZER_NUMBER_OBJECT_CONVERSION = YES_AGGRESSIVE;
				CLANG_CXX_LANGUAGE_STANDARD = "gnu++14";
				CLANG_CXX_LIBRARY = "libc++";
				CLANG_ENABLE_MODULES = YES;
				CLANG_ENABLE_OBJC_ARC = YES;
				CLANG_WARN_BLOCK_CAPTURE_AUTORELEASING = YES;
				CLANG_WARN_BOOL_CONVERSION = YES;
				CLANG_WARN_COMMA = YES;
				CLANG_WARN_CONSTANT_CONVERSION = YES;
				CLANG_WARN_DIRECT_OBJC_ISA_USAGE = YES_ERROR;
				CLANG_WARN_DOCUMENTATION_COMMENTS = YES;
				CLANG_WARN_EMPTY_BODY = YES;
				CLANG_WARN_ENUM_CONVERSION = YES;
				CLANG_WARN_INFINITE_RECURSION = YES;
				CLANG_WARN_INT_CONVERSION = YES;
				CLANG_WARN_NON_LITERAL_NULL_CONVERSION = YES;
				CLANG_WARN_OBJC_LITERAL_CONVERSION = YES;
				CLANG_WARN_OBJC_ROOT_CLASS = YES_ERROR;
				CLANG_WARN_RANGE_LOOP_ANALYSIS = YES;
				CLANG_WARN_STRICT_PROTOTYPES = YES;
				CLANG_WARN_SUSPICIOUS_MOVE = YES;
				CLANG_WARN_UNGUARDED_AVAILABILITY = YES_AGGRESSIVE;
				CLANG_WARN_UNREACHABLE_CODE = YES;
				CLANG_WARN__DUPLICATE_METHOD_MATCH = YES;
				CODE_SIGN_IDENTITY = "iPhone Developer";
				COPY_PHASE_STRIP = NO;
				DEBUG_INFORMATION_FORMAT = "dwarf-with-dsym";
				ENABLE_NS_ASSERTIONS = NO;
				ENABLE_STRICT_OBJC_MSGSEND = YES;
				GCC_C_LANGUAGE_STANDARD = gnu11;
				GCC_NO_COMMON_BLOCKS = YES;
				GCC_WARN_64_TO_32_BIT_CONVERSION = YES;
				GCC_WARN_ABOUT_RETURN_TYPE = YES_ERROR;
				GCC_WARN_UNDECLARED_SELECTOR = YES;
				GCC_WARN_UNINITIALIZED_AUTOS = YES_AGGRESSIVE;
				GCC_WARN_UNUSED_FUNCTION = YES;
				GCC_WARN_UNUSED_VARIABLE = YES;
				IPHONEOS_DEPLOYMENT_TARGET = 11.1;
				MTL_ENABLE_DEBUG_INFO = NO;
				SDKROOT = iphoneos;
				SWIFT_OPTIMIZATION_LEVEL = "-Owholemodule";
				VALIDATE_PRODUCT = YES;
			};
			name = Release;
		};
		CC464EBF1FECEB7C004F1858 /* Debug */ = {
			isa = XCBuildConfiguration;
			baseConfigurationReference = F914CBB33BBFA40A5BE1700D /* Pods-RealmDemo.debug.xcconfig */;
			buildSettings = {
				ASSETCATALOG_COMPILER_APPICON_NAME = AppIcon;
				CODE_SIGN_STYLE = Automatic;
				DEVELOPMENT_TEAM = YYWULWW9R4;
				INFOPLIST_FILE = RealmDemo/Info.plist;
				LD_RUNPATH_SEARCH_PATHS = "$(inherited) @executable_path/Frameworks";
				PRODUCT_BUNDLE_IDENTIFIER = framgia.RealmDemo;
				PRODUCT_NAME = "$(TARGET_NAME)";
				SWIFT_VERSION = 4.0;
				TARGETED_DEVICE_FAMILY = "1,2";
			};
			name = Debug;
		};
		CC464EC01FECEB7C004F1858 /* Release */ = {
			isa = XCBuildConfiguration;
			baseConfigurationReference = E62B74A03C35196D7A142202 /* Pods-RealmDemo.release.xcconfig */;
			buildSettings = {
				ASSETCATALOG_COMPILER_APPICON_NAME = AppIcon;
				CODE_SIGN_STYLE = Automatic;
				DEVELOPMENT_TEAM = YYWULWW9R4;
				INFOPLIST_FILE = RealmDemo/Info.plist;
				LD_RUNPATH_SEARCH_PATHS = "$(inherited) @executable_path/Frameworks";
				PRODUCT_BUNDLE_IDENTIFIER = framgia.RealmDemo;
				PRODUCT_NAME = "$(TARGET_NAME)";
				SWIFT_VERSION = 4.0;
				TARGETED_DEVICE_FAMILY = "1,2";
			};
			name = Release;
		};
		CC464EC21FECEB7C004F1858 /* Debug */ = {
			isa = XCBuildConfiguration;
			baseConfigurationReference = 70B46477CDCCCDB9CC13B6C5 /* Pods-RealmDemoTests.debug.xcconfig */;
			buildSettings = {
				ALWAYS_EMBED_SWIFT_STANDARD_LIBRARIES = YES;
				BUNDLE_LOADER = "$(TEST_HOST)";
				CODE_SIGN_STYLE = Automatic;
				DEVELOPMENT_TEAM = YYWULWW9R4;
				INFOPLIST_FILE = RealmDemoTests/Info.plist;
				LD_RUNPATH_SEARCH_PATHS = "$(inherited) @executable_path/Frameworks @loader_path/Frameworks";
				PRODUCT_BUNDLE_IDENTIFIER = framgia.RealmDemoTests;
				PRODUCT_NAME = "$(TARGET_NAME)";
				SWIFT_VERSION = 4.0;
				TARGETED_DEVICE_FAMILY = "1,2";
				TEST_HOST = "$(BUILT_PRODUCTS_DIR)/RealmDemo.app/RealmDemo";
			};
			name = Debug;
		};
		CC464EC31FECEB7C004F1858 /* Release */ = {
			isa = XCBuildConfiguration;
			baseConfigurationReference = 851847B3BB3056126EB1F7F6 /* Pods-RealmDemoTests.release.xcconfig */;
			buildSettings = {
				ALWAYS_EMBED_SWIFT_STANDARD_LIBRARIES = YES;
				BUNDLE_LOADER = "$(TEST_HOST)";
				CODE_SIGN_STYLE = Automatic;
				DEVELOPMENT_TEAM = YYWULWW9R4;
				INFOPLIST_FILE = RealmDemoTests/Info.plist;
				LD_RUNPATH_SEARCH_PATHS = "$(inherited) @executable_path/Frameworks @loader_path/Frameworks";
				PRODUCT_BUNDLE_IDENTIFIER = framgia.RealmDemoTests;
				PRODUCT_NAME = "$(TARGET_NAME)";
				SWIFT_VERSION = 4.0;
				TARGETED_DEVICE_FAMILY = "1,2";
				TEST_HOST = "$(BUILT_PRODUCTS_DIR)/RealmDemo.app/RealmDemo";
			};
			name = Release;
		};
		CC464EC51FECEB7C004F1858 /* Debug */ = {
			isa = XCBuildConfiguration;
			baseConfigurationReference = 375F51AC4821C2DA007B8C28 /* Pods-RealmDemoUITests.debug.xcconfig */;
			buildSettings = {
				ALWAYS_EMBED_SWIFT_STANDARD_LIBRARIES = YES;
				CODE_SIGN_STYLE = Automatic;
				DEVELOPMENT_TEAM = YYWULWW9R4;
				INFOPLIST_FILE = RealmDemoUITests/Info.plist;
				LD_RUNPATH_SEARCH_PATHS = "$(inherited) @executable_path/Frameworks @loader_path/Frameworks";
				PRODUCT_BUNDLE_IDENTIFIER = framgia.RealmDemoUITests;
				PRODUCT_NAME = "$(TARGET_NAME)";
				SWIFT_VERSION = 4.0;
				TARGETED_DEVICE_FAMILY = "1,2";
				TEST_TARGET_NAME = RealmDemo;
			};
			name = Debug;
		};
		CC464EC61FECEB7C004F1858 /* Release */ = {
			isa = XCBuildConfiguration;
			baseConfigurationReference = E01774234660CFC1122B385A /* Pods-RealmDemoUITests.release.xcconfig */;
			buildSettings = {
				ALWAYS_EMBED_SWIFT_STANDARD_LIBRARIES = YES;
				CODE_SIGN_STYLE = Automatic;
				DEVELOPMENT_TEAM = YYWULWW9R4;
				INFOPLIST_FILE = RealmDemoUITests/Info.plist;
				LD_RUNPATH_SEARCH_PATHS = "$(inherited) @executable_path/Frameworks @loader_path/Frameworks";
				PRODUCT_BUNDLE_IDENTIFIER = framgia.RealmDemoUITests;
				PRODUCT_NAME = "$(TARGET_NAME)";
				SWIFT_VERSION = 4.0;
				TARGETED_DEVICE_FAMILY = "1,2";
				TEST_TARGET_NAME = RealmDemo;
			};
			name = Release;
		};
/* End XCBuildConfiguration section */

/* Begin XCConfigurationList section */
		CC464E911FECEB7B004F1858 /* Build configuration list for PBXProject "RealmDemo" */ = {
			isa = XCConfigurationList;
			buildConfigurations = (
				CC464EBC1FECEB7C004F1858 /* Debug */,
				CC464EBD1FECEB7C004F1858 /* Release */,
			);
			defaultConfigurationIsVisible = 0;
			defaultConfigurationName = Release;
		};
		CC464EBE1FECEB7C004F1858 /* Build configuration list for PBXNativeTarget "RealmDemo" */ = {
			isa = XCConfigurationList;
			buildConfigurations = (
				CC464EBF1FECEB7C004F1858 /* Debug */,
				CC464EC01FECEB7C004F1858 /* Release */,
			);
			defaultConfigurationIsVisible = 0;
			defaultConfigurationName = Release;
		};
		CC464EC11FECEB7C004F1858 /* Build configuration list for PBXNativeTarget "RealmDemoTests" */ = {
			isa = XCConfigurationList;
			buildConfigurations = (
				CC464EC21FECEB7C004F1858 /* Debug */,
				CC464EC31FECEB7C004F1858 /* Release */,
			);
			defaultConfigurationIsVisible = 0;
			defaultConfigurationName = Release;
		};
		CC464EC41FECEB7C004F1858 /* Build configuration list for PBXNativeTarget "RealmDemoUITests" */ = {
			isa = XCConfigurationList;
			buildConfigurations = (
				CC464EC51FECEB7C004F1858 /* Debug */,
				CC464EC61FECEB7C004F1858 /* Release */,
			);
			defaultConfigurationIsVisible = 0;
			defaultConfigurationName = Release;
		};
/* End XCConfigurationList section */
	};
	rootObject = CC464E8E1FECEB7B004F1858 /* Project object */;
}
